
Microsoft Visual Studio Solution File, Format Version 12.00
# Visual Studio Version 16
VisualStudioVersion = 16.0.30114.105
MinimumVisualStudioVersion = 10.0.40219.1
Project("{8BC9CEB8-8B4A-11D0-8D11-00A0C91BC942}") = "Server", "Server\Server.vcxproj", "{F9C41750-7073-41DC-B1D3-0389B2411616}"
EndProject
Project("{8BC9CEB8-8B4A-11D0-8D11-00A0C91BC942}") = "Client", "Client\Client.vcxproj", "{BF97E3A6-312E-4A57-BD2B-517B68F311E7}"
EndProject
Global
	GlobalSection(SolutionConfigurationPlatforms) = preSolution
		Debug|x64 = Debug|x64
		Debug|x86 = Debug|x86
		Release|x64 = Release|x64
		Release|x86 = Release|x86
	EndGlobalSection
	GlobalSection(ProjectConfigurationPlatforms) = postSolution
		{F9C41750-7073-41DC-B1D3-0389B2411616}.Debug|x64.ActiveCfg = Debug|x64
		{F9C41750-7073-41DC-B1D3-0389B2411616}.Debug|x64.Build.0 = Debug|x64
		{F9C41750-7073-41DC-B1D3-0389B2411616}.Debug|x86.ActiveCfg = Debug|Win32
		{F9C41750-7073-41DC-B1D3-0389B2411616}.Debug|x86.Build.0 = Debug|Win32
		{F9C41750-7073-41DC-B1D3-0389B2411616}.Release|x64.ActiveCfg = Release|x64
		{F9C41750-7073-41DC-B1D3-0389B2411616}.Release|x64.Build.0 = Release|x64
		{F9C41750-7073-41DC-B1D3-0389B2411616}.Release|x86.ActiveCfg = Release|Win32
		{F9C41750-7073-41DC-B1D3-0389B2411616}.Release|x86.Build.0 = Release|Win32
		{BF97E3A6-312E-4A57-BD2B-517B68F311E7}.Debug|x64.ActiveCfg = Debug|x64
		{BF97E3A6-312E-4A57-BD2B-517B68F311E7}.Debug|x64.Build.0 = Debug|x64
		{BF97E3A6-312E-4A57-BD2B-517B68F311E7}.Debug|x86.ActiveCfg = Debug|Win32
		{BF97E3A6-312E-4A57-BD2B-517B68F311E7}.Debug|x86.Build.0 = Debug|Win32
		{BF97E3A6-312E-4A57-BD2B-517B68F311E7}.Release|x64.ActiveCfg = Release|x64
		{BF97E3A6-312E-4A57-BD2B-517B68F311E7}.Release|x64.Build.0 = Release|x64
		{BF97E3A6-312E-4A57-BD2B-517B68F311E7}.Release|x86.ActiveCfg = Release|Win32
		{BF97E3A6-312E-4A57-BD2B-517B68F311E7}.Release|x86.Build.0 = Release|Win32
	EndGlobalSection
	GlobalSection(SolutionProperties) = preSolution
		HideSolutionNode = FALSE
	EndGlobalSection
	GlobalSection(ExtensibilityGlobals) = postSolution
		SolutionGuid = {836D722B-9AF2-4C24-932C-7C092924BBE6}
	EndGlobalSection
EndGlobal
